{"version":4,"terraform_version":"1.10.7","serial":2,"lineage":"309844cd-09e4-0a66-95bb-374c8887dffa","outputs":{"ami_id_used":{"value":"ami-00a83823b51dbd7a2","type":"string"},"ec2_instance_id":{"value":"i-0334cf9bc6e300e49","type":"string"},"ec2_private_ip":{"value":"172.31.34.198","type":"string"},"ec2_public_ip":{"value":"13.38.94.219","type":"string"},"security_groups":{"value":["sg-0739ede361e300a32","sg-02bfe3a6b08e9c8c5"],"type":["tuple",["string","string"]]}},"resources":[{"module":"module.ec2_instance","mode":"data","type":"aws_ami","name":"ubuntu","provider":"provider[\"registry.opentofu.org/hashicorp/aws\"]","instances":[{"schema_version":0,"attributes":{"architecture":"x86_64","arn":"arn:aws:ec2:eu-west-3::image/ami-00a83823b51dbd7a2","block_device_mappings":[{"device_name":"/dev/sda1","ebs":{"delete_on_termination":"true","encrypted":"false","iops":"0","snapshot_id":"snap-0187645f60eca497c","throughput":"0","volume_initialization_rate":"0","volume_size":"8","volume_type":"gp3"},"no_device":"","virtual_name":""},{"device_name":"/dev/sdb","ebs":{},"no_device":"","virtual_name":"ephemeral0"},{"device_name":"/dev/sdc","ebs":{},"no_device":"","virtual_name":"ephemeral1"}],"boot_mode":"uefi-preferred","creation_date":"2025-11-26T10:51:17.000Z","deprecation_time":"2027-11-26T10:51:17.000Z","description":"Canonical, Ubuntu, 24.04, amd64 noble image","ena_support":true,"executable_users":null,"filter":[{"name":"name","values":["*ubuntu-*24.04-amd64-server-*"]},{"name":"state","values":["available"]},{"name":"virtualization-type","values":["hvm"]}],"hypervisor":"xen","id":"ami-00a83823b51dbd7a2","image_id":"ami-00a83823b51dbd7a2","image_location":"amazon/ubuntu/images/hvm-ssd-gp3/ubuntu-noble-24.04-amd64-server-20251126","image_owner_alias":"amazon","image_type":"machine","imds_support":"v2.0","include_deprecated":false,"kernel_id":"","last_launched_time":"","most_recent":true,"name":"ubuntu/images/hvm-ssd-gp3/ubuntu-noble-24.04-amd64-server-20251126","name_regex":null,"owner_id":"099720109477","owners":["099720109477"],"platform":"","platform_details":"Linux/UNIX","product_codes":[],"public":true,"ramdisk_id":"","root_device_name":"/dev/sda1","root_device_type":"ebs","root_snapshot_id":"snap-0187645f60eca497c","sriov_net_support":"simple","state":"available","state_reason":{"code":"UNSET","message":"UNSET"},"tags":{},"timeouts":null,"tpm_support":"","uefi_data":null,"usage_operation":"RunInstances","virtualization_type":"hvm"},"sensitive_attributes":[]}]},{"module":"module.ec2_instance","mode":"managed","type":"aws_instance","name":"instance","provider":"provider[\"registry.opentofu.org/hashicorp/aws\"]","instances":[{"schema_version":1,"attributes":{"ami":"ami-00a83823b51dbd7a2","arn":"arn:aws:ec2:eu-west-3:575530852999:instance/i-0334cf9bc6e300e49","associate_public_ip_address":true,"availability_zone":"eu-west-3c","capacity_reservation_specification":[{"capacity_reservation_preference":"open","capacity_reservation_target":[]}],"cpu_core_count":1,"cpu_options":[{"amd_sev_snp":"","core_count":1,"threads_per_core":2}],"cpu_threads_per_core":2,"credit_specification":[{"cpu_credits":"unlimited"}],"disable_api_stop":false,"disable_api_termination":false,"ebs_block_device":[],"ebs_optimized":false,"enable_primary_ipv6":null,"enclave_options":[{"enabled":false}],"ephemeral_block_device":[],"get_password_data":false,"hibernation":false,"host_id":"","host_resource_group_arn":null,"iam_instance_profile":"","id":"i-0334cf9bc6e300e49","instance_initiated_shutdown_behavior":"stop","instance_lifecycle":"","instance_market_options":[],"instance_state":"running","instance_type":"t3.micro","ipv6_address_count":0,"ipv6_addresses":[],"key_name":"myKey","launch_template":[],"maintenance_options":[{"auto_recovery":"default"}],"metadata_options":[{"http_endpoint":"enabled","http_protocol_ipv6":"disabled","http_put_response_hop_limit":2,"http_tokens":"required","instance_metadata_tags":"disabled"}],"monitoring":false,"network_interface":[],"outpost_arn":"","password_data":"","placement_group":"","placement_partition_number":0,"primary_network_interface_id":"eni-018b257f8c1807c87","private_dns":"ip-172-31-34-198.eu-west-3.compute.internal","private_dns_name_options":[{"enable_resource_name_dns_a_record":false,"enable_resource_name_dns_aaaa_record":false,"hostname_type":"ip-name"}],"private_ip":"172.31.34.198","public_dns":"ec2-13-38-94-219.eu-west-3.compute.amazonaws.com","public_ip":"13.38.94.219","root_block_device":[{"delete_on_termination":true,"device_name":"/dev/sda1","encrypted":false,"iops":3000,"kms_key_id":"","tags":{},"tags_all":{},"throughput":125,"volume_id":"vol-041fefbf2d55ae6e2","volume_size":8,"volume_type":"gp3"}],"secondary_private_ips":[],"security_groups":["allow_http_s","allow_ssh"],"source_dest_check":true,"spot_instance_request_id":"","subnet_id":"subnet-0baa88dd2013ebe4c","tags":{"Name":"Terraform-101"},"tags_all":{"Name":"Terraform-101"},"tenancy":"default","timeouts":null,"user_data":null,"user_data_base64":null,"user_data_replace_on_change":false,"volume_tags":null,"vpc_security_group_ids":["sg-02bfe3a6b08e9c8c5","sg-0739ede361e300a32"]},"sensitive_attributes":[],"private":"eyJlMmJmYjczMC1lY2FhLTExZTYtOGY4OC0zNDM2M2JjN2M0YzAiOnsiY3JlYXRlIjo2MDAwMDAwMDAwMDAsImRlbGV0ZSI6MTIwMDAwMDAwMDAwMCwicmVhZCI6OTAwMDAwMDAwMDAwLCJ1cGRhdGUiOjYwMDAwMDAwMDAwMH0sInNjaGVtYV92ZXJzaW9uIjoiMSJ9","dependencies":["module.ec2_instance.data.aws_ami.ubuntu","module.security_groups.aws_security_group.allow_http_s","module.security_groups.aws_security_group.allow_ssh"]}]},{"module":"module.security_groups","mode":"managed","type":"aws_security_group","name":"allow_http_s","provider":"provider[\"registry.opentofu.org/hashicorp/aws\"]","instances":[{"schema_version":1,"attributes":{"arn":"arn:aws:ec2:eu-west-3:575530852999:security-group/sg-02bfe3a6b08e9c8c5","description":"Managed by Terraform","egress":[{"cidr_blocks":["0.0.0.0/0"],"description":"","from_port":0,"ipv6_cidr_blocks":[],"prefix_list_ids":[],"protocol":"-1","security_groups":[],"self":false,"to_port":0}],"id":"sg-02bfe3a6b08e9c8c5","ingress":[{"cidr_blocks":["0.0.0.0/0"],"description":"","from_port":443,"ipv6_cidr_blocks":[],"prefix_list_ids":[],"protocol":"tcp","security_groups":[],"self":false,"to_port":443},{"cidr_blocks":["0.0.0.0/0"],"description":"","from_port":80,"ipv6_cidr_blocks":[],"prefix_list_ids":[],"protocol":"tcp","security_groups":[],"self":false,"to_port":80}],"name":"allow_http_s","name_prefix":"","owner_id":"575530852999","revoke_rules_on_delete":false,"tags":{},"tags_all":{},"timeouts":null,"vpc_id":"vpc-08088039cc2543d00"},"sensitive_attributes":[],"private":"eyJlMmJmYjczMC1lY2FhLTExZTYtOGY4OC0zNDM2M2JjN2M0YzAiOnsiY3JlYXRlIjo2MDAwMDAwMDAwMDAsImRlbGV0ZSI6OTAwMDAwMDAwMDAwfSwic2NoZW1hX3ZlcnNpb24iOiIxIn0="}]},{"module":"module.security_groups","mode":"managed","type":"aws_security_group","name":"allow_ssh","provider":"provider[\"registry.opentofu.org/hashicorp/aws\"]","instances":[{"schema_version":1,"attributes":{"arn":"arn:aws:ec2:eu-west-3:575530852999:security-group/sg-0739ede361e300a32","description":"Managed by Terraform","egress":[{"cidr_blocks":["0.0.0.0/0"],"description":"","from_port":0,"ipv6_cidr_blocks":[],"prefix_list_ids":[],"protocol":"-1","security_groups":[],"self":false,"to_port":0}],"id":"sg-0739ede361e300a32","ingress":[{"cidr_blocks":["0.0.0.0/0"],"description":"","from_port":22,"ipv6_cidr_blocks":[],"prefix_list_ids":[],"protocol":"tcp","security_groups":[],"self":false,"to_port":22}],"name":"allow_ssh","name_prefix":"","owner_id":"575530852999","revoke_rules_on_delete":false,"tags":{},"tags_all":{},"timeouts":null,"vpc_id":"vpc-08088039cc2543d00"},"sensitive_attributes":[],"private":"eyJlMmJmYjczMC1lY2FhLTExZTYtOGY4OC0zNDM2M2JjN2M0YzAiOnsiY3JlYXRlIjo2MDAwMDAwMDAwMDAsImRlbGV0ZSI6OTAwMDAwMDAwMDAwfSwic2NoZW1hX3ZlcnNpb24iOiIxIn0="}]}],"check_results":null}
